{
  "requires": true,
  "lockfileVersion": 1,
  "dependencies": {
    "@glidejs/glide": {
      "version": "3.4.1",
      "resolved": "https://registry.npmjs.org/@glidejs/glide/-/glide-3.4.1.tgz",
      "integrity": "sha512-C34AEcK1HjSyxilRToUL54I6KAoodojUbeRlXoruobZuG0eGm8xfDL+3kgkWj7AJK4EZtunSOYfoqMp70eDtwg=="
    },
    "bulma": {
      "version": "0.9.3",
      "resolved": "https://registry.npmjs.org/bulma/-/bulma-0.9.3.tgz",
      "integrity": "sha512-0d7GNW1PY4ud8TWxdNcP6Cc8Bu7MxcntD/RRLGWuiw/s0a9P+XlH/6QoOIrmbj6o8WWJzJYhytiu9nFjTszk1g=="
    }
  }
}
